<?xml version="1.0" encoding="utf-8"?>
<Project ToolsVersion="4.0" xmlns="http://schemas.microsoft.com/developer/msbuild/2003">
  <ItemGroup>
    <Filter Include="소스 파일">
      <UniqueIdentifier>{4FC737F1-C7A5-4376-A066-2A32D752A2FF}</UniqueIdentifier>
      <Extensions>cpp;c;cc;cxx;c++;cppm;ixx;def;odl;idl;hpj;bat;asm;asmx</Extensions>
    </Filter>
    <Filter Include="헤더 파일">
      <UniqueIdentifier>{93995380-89BD-4b04-88EB-625FBE52EBFB}</UniqueIdentifier>
      <Extensions>h;hh;hpp;hxx;h++;hm;inl;inc;ipp;xsd</Extensions>
    </Filter>
    <Filter Include="리소스 파일">
      <UniqueIdentifier>{67DA6AB6-F800-4c08-8B7A-83BB121AAD01}</UniqueIdentifier>
      <Extensions>rc;ico;cur;bmp;dlg;rc2;rct;bin;rgs;gif;jpg;jpeg;jpe;resx;tiff;tif;png;wav;mfcribbon-ms</Extensions>
    </Filter>
    <Filter Include="소스 파일\Protocol">
      <UniqueIdentifier>{be15b8ae-adaa-478b-8d28-4b854faa0ea3}</UniqueIdentifier>
    </Filter>
    <Filter Include="소스 파일\Mediator">
      <UniqueIdentifier>{2c1f1cf8-7cf9-496a-87ef-ec4d33dc591d}</UniqueIdentifier>
    </Filter>
    <Filter Include="소스 파일\Actor">
      <UniqueIdentifier>{ef3cd26c-245e-452b-bc3d-c08124290470}</UniqueIdentifier>
    </Filter>
    <Filter Include="소스 파일\Actor\Player">
      <UniqueIdentifier>{c946875e-1a58-4a7f-acaf-41ff7f055550}</UniqueIdentifier>
    </Filter>
  </ItemGroup>
  <ItemGroup>
    <ClCompile Include="main.cpp">
      <Filter>소스 파일</Filter>
    </ClCompile>
    <ClCompile Include="Player.cpp">
      <Filter>소스 파일\Actor\Player</Filter>
    </ClCompile>
    <ClCompile Include="PacketHandlerRegister.cpp">
      <Filter>소스 파일\Actor\Player</Filter>
    </ClCompile>
    <ClCompile Include="PacketHandler.cpp">
      <Filter>소스 파일\Actor\Player</Filter>
    </ClCompile>
    <ClCompile Include="MediatorImpl.cpp">
      <Filter>소스 파일\Mediator</Filter>
    </ClCompile>
    <ClCompile Include="Player.MediatorImpl.cpp">
      <Filter>소스 파일\Actor\Player</Filter>
    </ClCompile>
    <ClCompile Include="PlayerMessageHandler.cpp">
      <Filter>소스 파일\Actor\Player</Filter>
    </ClCompile>
  </ItemGroup>
  <ItemGroup>
    <ClInclude Include="Protocol.h">
      <Filter>소스 파일\Protocol</Filter>
    </ClInclude>
    <ClInclude Include="Player.h">
      <Filter>소스 파일\Actor\Player</Filter>
    </ClInclude>
    <ClInclude Include="MediatorImpl.h">
      <Filter>소스 파일\Mediator</Filter>
    </ClInclude>
    <ClInclude Include="ActorType.h">
      <Filter>소스 파일\Actor</Filter>
    </ClInclude>
  </ItemGroup>
</Project>