
Microsoft Visual Studio Solution File, Format Version 12.00
# Visual Studio Version 17
VisualStudioVersion = 17.12.35707.178
MinimumVisualStudioVersion = 10.0.40219.1
Project("{8BC9CEB8-8B4A-11D0-8D11-00A0C91BC942}") = "ActorModelServer", "ActorModelServer\ActorModelServer.vcxproj", "{58978344-D985-4BE5-BC0F-E7CF77B63264}"
EndProject
Project("{8BC9CEB8-8B4A-11D0-8D11-00A0C91BC942}") = "ContentsServer", "ContentsServer\ContentsServer.vcxproj", "{0252351C-9F2B-4BE4-A335-3193E2D04541}"
	ProjectSection(ProjectDependencies) = postProject
		{58978344-D985-4BE5-BC0F-E7CF77B63264} = {58978344-D985-4BE5-BC0F-E7CF77B63264}
	EndProjectSection
EndProject
Project("{8BC9CEB8-8B4A-11D0-8D11-00A0C91BC942}") = "TestClient", "TestClient\TestClient.vcxproj", "{E0493AA0-B45F-4CA6-9E0F-E36B244FB0CA}"
EndProject
Project("{8BC9CEB8-8B4A-11D0-8D11-00A0C91BC942}") = "Logger", "Logger\Logger.vcxproj", "{5654641D-05C6-4ABE-8608-1BD12DC3366F}"
EndProject
Global
	GlobalSection(SolutionConfigurationPlatforms) = preSolution
		Debug|x64 = Debug|x64
		Debug|x86 = Debug|x86
		Release|x64 = Release|x64
		Release|x86 = Release|x86
	EndGlobalSection
	GlobalSection(ProjectConfigurationPlatforms) = postSolution
		{58978344-D985-4BE5-BC0F-E7CF77B63264}.Debug|x64.ActiveCfg = Debug|x64
		{58978344-D985-4BE5-BC0F-E7CF77B63264}.Debug|x64.Build.0 = Debug|x64
		{58978344-D985-4BE5-BC0F-E7CF77B63264}.Debug|x86.ActiveCfg = Debug|Win32
		{58978344-D985-4BE5-BC0F-E7CF77B63264}.Debug|x86.Build.0 = Debug|Win32
		{58978344-D985-4BE5-BC0F-E7CF77B63264}.Release|x64.ActiveCfg = Release|x64
		{58978344-D985-4BE5-BC0F-E7CF77B63264}.Release|x64.Build.0 = Release|x64
		{58978344-D985-4BE5-BC0F-E7CF77B63264}.Release|x86.ActiveCfg = Release|Win32
		{58978344-D985-4BE5-BC0F-E7CF77B63264}.Release|x86.Build.0 = Release|Win32
		{0252351C-9F2B-4BE4-A335-3193E2D04541}.Debug|x64.ActiveCfg = Debug|x64
		{0252351C-9F2B-4BE4-A335-3193E2D04541}.Debug|x64.Build.0 = Debug|x64
		{0252351C-9F2B-4BE4-A335-3193E2D04541}.Debug|x86.ActiveCfg = Debug|Win32
		{0252351C-9F2B-4BE4-A335-3193E2D04541}.Debug|x86.Build.0 = Debug|Win32
		{0252351C-9F2B-4BE4-A335-3193E2D04541}.Release|x64.ActiveCfg = Release|x64
		{0252351C-9F2B-4BE4-A335-3193E2D04541}.Release|x64.Build.0 = Release|x64
		{0252351C-9F2B-4BE4-A335-3193E2D04541}.Release|x86.ActiveCfg = Release|Win32
		{0252351C-9F2B-4BE4-A335-3193E2D04541}.Release|x86.Build.0 = Release|Win32
		{E0493AA0-B45F-4CA6-9E0F-E36B244FB0CA}.Debug|x64.ActiveCfg = Debug|x64
		{E0493AA0-B45F-4CA6-9E0F-E36B244FB0CA}.Debug|x64.Build.0 = Debug|x64
		{E0493AA0-B45F-4CA6-9E0F-E36B244FB0CA}.Debug|x86.ActiveCfg = Debug|Win32
		{E0493AA0-B45F-4CA6-9E0F-E36B244FB0CA}.Debug|x86.Build.0 = Debug|Win32
		{E0493AA0-B45F-4CA6-9E0F-E36B244FB0CA}.Release|x64.ActiveCfg = Release|x64
		{E0493AA0-B45F-4CA6-9E0F-E36B244FB0CA}.Release|x64.Build.0 = Release|x64
		{E0493AA0-B45F-4CA6-9E0F-E36B244FB0CA}.Release|x86.ActiveCfg = Release|Win32
		{E0493AA0-B45F-4CA6-9E0F-E36B244FB0CA}.Release|x86.Build.0 = Release|Win32
		{5654641D-05C6-4ABE-8608-1BD12DC3366F}.Debug|x64.ActiveCfg = Debug|x64
		{5654641D-05C6-4ABE-8608-1BD12DC3366F}.Debug|x64.Build.0 = Debug|x64
		{5654641D-05C6-4ABE-8608-1BD12DC3366F}.Debug|x86.ActiveCfg = Debug|Win32
		{5654641D-05C6-4ABE-8608-1BD12DC3366F}.Debug|x86.Build.0 = Debug|Win32
		{5654641D-05C6-4ABE-8608-1BD12DC3366F}.Release|x64.ActiveCfg = Release|x64
		{5654641D-05C6-4ABE-8608-1BD12DC3366F}.Release|x64.Build.0 = Release|x64
		{5654641D-05C6-4ABE-8608-1BD12DC3366F}.Release|x86.ActiveCfg = Release|Win32
		{5654641D-05C6-4ABE-8608-1BD12DC3366F}.Release|x86.Build.0 = Release|Win32
	EndGlobalSection
	GlobalSection(SolutionProperties) = preSolution
		HideSolutionNode = FALSE
	EndGlobalSection
EndGlobal
