<?xml version="1.0" encoding="utf-8"?>
<Project ToolsVersion="4.0" xmlns="http://schemas.microsoft.com/developer/msbuild/2003">
  <ItemGroup>
    <Filter Include="소스 파일">
      <UniqueIdentifier>{4FC737F1-C7A5-4376-A066-2A32D752A2FF}</UniqueIdentifier>
      <Extensions>cpp;c;cc;cxx;c++;cppm;ixx;def;odl;idl;hpj;bat;asm;asmx</Extensions>
    </Filter>
    <Filter Include="헤더 파일">
      <UniqueIdentifier>{93995380-89BD-4b04-88EB-625FBE52EBFB}</UniqueIdentifier>
      <Extensions>h;hh;hpp;hxx;h++;hm;inl;inc;ipp;xsd</Extensions>
    </Filter>
    <Filter Include="리소스 파일">
      <UniqueIdentifier>{67DA6AB6-F800-4c08-8B7A-83BB121AAD01}</UniqueIdentifier>
      <Extensions>rc;ico;cur;bmp;dlg;rc2;rct;bin;rgs;gif;jpg;jpeg;jpe;resx;tiff;tif;png;wav;mfcribbon-ms</Extensions>
    </Filter>
    <Filter Include="소스 파일\SimpleNetwork">
      <UniqueIdentifier>{35b0f5b1-90f0-40ec-a2bd-d7770b165756}</UniqueIdentifier>
    </Filter>
    <Filter Include="소스 파일\Actor">
      <UniqueIdentifier>{a11d5cb3-45ec-45fa-bb5b-47c55fbf23d7}</UniqueIdentifier>
    </Filter>
    <Filter Include="소스 파일\Include">
      <UniqueIdentifier>{0db180ff-d266-4a08-a825-22702aaffa83}</UniqueIdentifier>
    </Filter>
    <Filter Include="소스 파일\Actor\ActorImpl">
      <UniqueIdentifier>{219fc9a8-a05c-4dd3-b211-689bb4d919ba}</UniqueIdentifier>
    </Filter>
  </ItemGroup>
  <ItemGroup>
    <ClCompile Include="main.cpp">
      <Filter>소스 파일</Filter>
    </ClCompile>
    <ClCompile Include="Actor.cpp">
      <Filter>소스 파일\Actor</Filter>
    </ClCompile>
    <ClCompile Include="SimpleClient.cpp">
      <Filter>소스 파일\SimpleNetwork</Filter>
    </ClCompile>
    <ClCompile Include="..\..\..\..\..\Desktop\Common\NetServerSerializeBuffer.cpp">
      <Filter>소스 파일\Include</Filter>
    </ClCompile>
    <ClCompile Include="..\..\..\..\..\Desktop\Common\Parse.cpp">
      <Filter>소스 파일\Include</Filter>
    </ClCompile>
    <ClCompile Include="..\..\..\..\..\Desktop\Common\PreCompile.cpp">
      <Filter>소스 파일\Include</Filter>
    </ClCompile>
    <ClCompile Include="..\..\..\..\..\Desktop\Common\Ringbuffer.cpp">
      <Filter>소스 파일\Include</Filter>
    </ClCompile>
    <ClCompile Include="Client.cpp">
      <Filter>소스 파일\SimpleNetwork</Filter>
    </ClCompile>
    <ClCompile Include="ClientLogicProcess.cpp">
      <Filter>소스 파일\SimpleNetwork</Filter>
    </ClCompile>
    <ClCompile Include="Player.cpp">
      <Filter>소스 파일\Actor\ActorImpl</Filter>
    </ClCompile>
    <ClCompile Include="ActorManager.cpp">
      <Filter>소스 파일\Actor</Filter>
    </ClCompile>
    <ClCompile Include="ClientLogicHandler.cpp">
      <Filter>소스 파일\SimpleNetwork</Filter>
    </ClCompile>
  </ItemGroup>
  <ItemGroup>
    <ClInclude Include="SimpleClient.h">
      <Filter>소스 파일\SimpleNetwork</Filter>
    </ClInclude>
    <ClInclude Include="Actor.h">
      <Filter>소스 파일\Actor</Filter>
    </ClInclude>
    <ClInclude Include="Client.h">
      <Filter>소스 파일\SimpleNetwork</Filter>
    </ClInclude>
    <ClInclude Include="Player.h">
      <Filter>소스 파일\Actor\ActorImpl</Filter>
    </ClInclude>
    <ClInclude Include="ActorManager.h">
      <Filter>소스 파일\Actor</Filter>
    </ClInclude>
    <ClInclude Include="ActorCreator.h">
      <Filter>소스 파일\Actor\ActorImpl</Filter>
    </ClInclude>
  </ItemGroup>
</Project>